{
  "version": 4,
  "terraform_version": "1.10.0",
  "serial": 1,
  "lineage": "e04f3bd2-93ea-ccd1-fd20-094211d74644",
  "outputs": {},
  "resources": [
    {
      "mode": "managed",
      "type": "github_repository",
      "name": "mysite",
      "provider": "provider[\"registry.terraform.io/integrations/github\"]",
      "instances": [
        {
          "schema_version": 1,
          "attributes": {
            "allow_auto_merge": false,
            "allow_merge_commit": true,
            "allow_rebase_merge": true,
            "allow_squash_merge": true,
            "allow_update_branch": false,
            "archive_on_destroy": null,
            "archived": false,
            "auto_init": false,
            "default_branch": "main",
            "delete_branch_on_merge": false,
            "description": "",
            "etag": "W/\"a92726b30ea777e612e454eca0befcbdd343e5859fca2751944bd1330862c62b\"",
            "full_name": "recarmona/recarmona.github.io",
            "git_clone_url": "git://github.com/recarmona/recarmona.github.io.git",
            "gitignore_template": null,
            "has_discussions": false,
            "has_downloads": true,
            "has_issues": true,
            "has_projects": true,
            "has_wiki": true,
            "homepage_url": "",
            "html_url": "https://github.com/recarmona/recarmona.github.io",
            "http_clone_url": "https://github.com/recarmona/recarmona.github.io.git",
            "id": "recarmona.github.io",
            "ignore_vulnerability_alerts_during_read": null,
            "is_template": false,
            "license_template": null,
            "merge_commit_message": "PR_TITLE",
            "merge_commit_title": "MERGE_MESSAGE",
            "name": "recarmona.github.io",
            "node_id": "R_kgDOGxWZeg",
            "pages": [
              {
                "build_type": "legacy",
                "cname": "",
                "custom_404": false,
                "html_url": "https://recarmona.github.io/",
                "source": [
                  {
                    "branch": "main",
                    "path": "/"
                  }
                ],
                "status": "built",
                "url": "https://api.github.com/repos/recarmona/recarmona.github.io/pages"
              }
            ],
            "primary_language": "",
            "private": false,
            "repo_id": 454400378,
            "security_and_analysis": [
              {
                "advanced_security": [],
                "secret_scanning": [
                  {
                    "status": "disabled"
                  }
                ],
                "secret_scanning_push_protection": [
                  {
                    "status": "disabled"
                  }
                ]
              }
            ],
            "squash_merge_commit_message": "COMMIT_MESSAGES",
            "squash_merge_commit_title": "COMMIT_OR_PR_TITLE",
            "ssh_clone_url": "git@github.com:recarmona/recarmona.github.io.git",
            "svn_url": "https://github.com/recarmona/recarmona.github.io",
            "template": [],
            "topics": [],
            "visibility": "public",
            "vulnerability_alerts": false,
            "web_commit_signoff_required": false
          },
          "sensitive_attributes": [],
          "private": "eyJzY2hlbWFfdmVyc2lvbiI6IjEifQ=="
        }
      ]
    }
  ],
  "check_results": null
}
